
Microsoft Visual Studio Solution File, Format Version 12.00
# Visual Studio Version 17
VisualStudioVersion = 17.1.32319.34
MinimumVisualStudioVersion = 10.0.40219.1
Project("{FAE04EC0-301F-11D3-BF4B-00C04F79EFBC}") = "MvcRentACar2", "MvcRentACar2\MvcRentACar2.csproj", "{DFB1B37D-1F39-4F8E-BDF4-E3FD24F31387}"
EndProject
Global
	GlobalSection(SolutionConfigurationPlatforms) = preSolution
		Debug|Any CPU = Debug|Any CPU
		Release|Any CPU = Release|Any CPU
	EndGlobalSection
	GlobalSection(ProjectConfigurationPlatforms) = postSolution
		{DFB1B37D-1F39-4F8E-BDF4-E3FD24F31387}.Debug|Any CPU.ActiveCfg = Debug|Any CPU
		{DFB1B37D-1F39-4F8E-BDF4-E3FD24F31387}.Debug|Any CPU.Build.0 = Debug|Any CPU
		{DFB1B37D-1F39-4F8E-BDF4-E3FD24F31387}.Release|Any CPU.ActiveCfg = Release|Any CPU
		{DFB1B37D-1F39-4F8E-BDF4-E3FD24F31387}.Release|Any CPU.Build.0 = Release|Any CPU
	EndGlobalSection
	GlobalSection(SolutionProperties) = preSolution
		HideSolutionNode = FALSE
	EndGlobalSection
	GlobalSection(ExtensibilityGlobals) = postSolution
		SolutionGuid = {7FDF014C-6FD3-49EE-980A-47257215DBC8}
	EndGlobalSection
EndGlobal
